
Microsoft Visual Studio Solution File, Format Version 12.00
# Visual Studio Version 16
VisualStudioVersion = 16.0.30804.86
MinimumVisualStudioVersion = 10.0.40219.1
Project("{FAE04EC0-301F-11D3-BF4B-00C04F79EFBC}") = "TurnBaseFight", "TurnBaseFight\TurnBaseFight.csproj", "{E938E287-0FC7-4E59-830D-494066E8251A}"
EndProject
Global
	GlobalSection(SolutionConfigurationPlatforms) = preSolution
		Debug|Any CPU = Debug|Any CPU
		Release|Any CPU = Release|Any CPU
	EndGlobalSection
	GlobalSection(ProjectConfigurationPlatforms) = postSolution
		{E938E287-0FC7-4E59-830D-494066E8251A}.Debug|Any CPU.ActiveCfg = Debug|Any CPU
		{E938E287-0FC7-4E59-830D-494066E8251A}.Debug|Any CPU.Build.0 = Debug|Any CPU
		{E938E287-0FC7-4E59-830D-494066E8251A}.Release|Any CPU.ActiveCfg = Release|Any CPU
		{E938E287-0FC7-4E59-830D-494066E8251A}.Release|Any CPU.Build.0 = Release|Any CPU
	EndGlobalSection
	GlobalSection(SolutionProperties) = preSolution
		HideSolutionNode = FALSE
	EndGlobalSection
	GlobalSection(ExtensibilityGlobals) = postSolution
		SolutionGuid = {C4FEBCF2-58BC-42B3-B42B-DE9402502FF0}
	EndGlobalSection
EndGlobal
